
Microsoft Visual Studio Solution File, Format Version 12.00
# Visual Studio Version 16
VisualStudioVersion = 16.0.29905.134
MinimumVisualStudioVersion = 10.0.40219.1
Project("{FAE04EC0-301F-11D3-BF4B-00C04F79EFBC}") = "OdeToFood", "OdeToFood\OdeToFood.csproj", "{07AFDB1D-748D-473A-AC54-782C581E0395}"
EndProject
Project("{FAE04EC0-301F-11D3-BF4B-00C04F79EFBC}") = "OdeToFood.Data", "OdeToFood.Data\OdeToFood.Data.csproj", "{01AAA3CB-236D-470A-BBF7-98D1B5D9C7FB}"
EndProject
Project("{9A19103F-16F7-4668-BE54-9A1E7A4F7556}") = "OdeToFood.Core", "..\..\..\source\repos\OdeToFood\OdeToFood.Core\OdeToFood.Core.csproj", "{AEA1F593-52B4-4F39-8815-DBAD70B7C565}"
EndProject
Global
	GlobalSection(SolutionConfigurationPlatforms) = preSolution
		Debug|Any CPU = Debug|Any CPU
		Release|Any CPU = Release|Any CPU
	EndGlobalSection
	GlobalSection(ProjectConfigurationPlatforms) = postSolution
		{07AFDB1D-748D-473A-AC54-782C581E0395}.Debug|Any CPU.ActiveCfg = Debug|Any CPU
		{07AFDB1D-748D-473A-AC54-782C581E0395}.Debug|Any CPU.Build.0 = Debug|Any CPU
		{07AFDB1D-748D-473A-AC54-782C581E0395}.Release|Any CPU.ActiveCfg = Release|Any CPU
		{07AFDB1D-748D-473A-AC54-782C581E0395}.Release|Any CPU.Build.0 = Release|Any CPU
		{01AAA3CB-236D-470A-BBF7-98D1B5D9C7FB}.Debug|Any CPU.ActiveCfg = Debug|Any CPU
		{01AAA3CB-236D-470A-BBF7-98D1B5D9C7FB}.Debug|Any CPU.Build.0 = Debug|Any CPU
		{01AAA3CB-236D-470A-BBF7-98D1B5D9C7FB}.Release|Any CPU.ActiveCfg = Release|Any CPU
		{01AAA3CB-236D-470A-BBF7-98D1B5D9C7FB}.Release|Any CPU.Build.0 = Release|Any CPU
		{AEA1F593-52B4-4F39-8815-DBAD70B7C565}.Debug|Any CPU.ActiveCfg = Debug|Any CPU
		{AEA1F593-52B4-4F39-8815-DBAD70B7C565}.Debug|Any CPU.Build.0 = Debug|Any CPU
		{AEA1F593-52B4-4F39-8815-DBAD70B7C565}.Release|Any CPU.ActiveCfg = Release|Any CPU
		{AEA1F593-52B4-4F39-8815-DBAD70B7C565}.Release|Any CPU.Build.0 = Release|Any CPU
	EndGlobalSection
	GlobalSection(SolutionProperties) = preSolution
		HideSolutionNode = FALSE
	EndGlobalSection
	GlobalSection(ExtensibilityGlobals) = postSolution
		SolutionGuid = {5434A70C-2D91-4BB8-81AA-5ADABA4A1C86}
	EndGlobalSection
EndGlobal
